
Microsoft Visual Studio Solution File, Format Version 12.00
# Visual Studio 2013
VisualStudioVersion = 12.0.31101.0
MinimumVisualStudioVersion = 10.0.40219.1
Project("{FAE04EC0-301F-11D3-BF4B-00C04F79EFBC}") = "WebFilmesNG", "..\WebFilmesNG\WebFilmesNG.csproj", "{B6B1879F-AAB7-438D-AC17-2DC4C6013792}"
EndProject
Project("{FAE04EC0-301F-11D3-BF4B-00C04F79EFBC}") = "WebFilmesAD", "..\WebFilmesAD\WebFilmesAD.csproj", "{0C313552-E906-4B0A-B996-D4FA89AA4D24}"
EndProject
Project("{FAE04EC0-301F-11D3-BF4B-00C04F79EFBC}") = "WebFilmesModel", "..\WebFilmesModel\WebFilmesModel.csproj", "{9EC86423-D1E0-44BB-8279-A50D02E991B3}"
EndProject
Project("{FAE04EC0-301F-11D3-BF4B-00C04F79EFBC}") = "WebFilmes", "WebFilmes\WebFilmes.csproj", "{48FC57D9-B3C1-45E2-ADA3-A54C9484F49A}"
EndProject
Project("{FAE04EC0-301F-11D3-BF4B-00C04F79EFBC}") = "DAL", "..\DAL\DAL.csproj", "{0839619F-B9AA-4381-B41F-D1E5E178CC04}"
EndProject
Global
	GlobalSection(SolutionConfigurationPlatforms) = preSolution
		Debug|Any CPU = Debug|Any CPU
		Release|Any CPU = Release|Any CPU
	EndGlobalSection
	GlobalSection(ProjectConfigurationPlatforms) = postSolution
		{B6B1879F-AAB7-438D-AC17-2DC4C6013792}.Debug|Any CPU.ActiveCfg = Debug|Any CPU
		{B6B1879F-AAB7-438D-AC17-2DC4C6013792}.Debug|Any CPU.Build.0 = Debug|Any CPU
		{B6B1879F-AAB7-438D-AC17-2DC4C6013792}.Release|Any CPU.ActiveCfg = Release|Any CPU
		{B6B1879F-AAB7-438D-AC17-2DC4C6013792}.Release|Any CPU.Build.0 = Release|Any CPU
		{0C313552-E906-4B0A-B996-D4FA89AA4D24}.Debug|Any CPU.ActiveCfg = Debug|Any CPU
		{0C313552-E906-4B0A-B996-D4FA89AA4D24}.Debug|Any CPU.Build.0 = Debug|Any CPU
		{0C313552-E906-4B0A-B996-D4FA89AA4D24}.Release|Any CPU.ActiveCfg = Release|Any CPU
		{0C313552-E906-4B0A-B996-D4FA89AA4D24}.Release|Any CPU.Build.0 = Release|Any CPU
		{9EC86423-D1E0-44BB-8279-A50D02E991B3}.Debug|Any CPU.ActiveCfg = Debug|Any CPU
		{9EC86423-D1E0-44BB-8279-A50D02E991B3}.Debug|Any CPU.Build.0 = Debug|Any CPU
		{9EC86423-D1E0-44BB-8279-A50D02E991B3}.Release|Any CPU.ActiveCfg = Release|Any CPU
		{9EC86423-D1E0-44BB-8279-A50D02E991B3}.Release|Any CPU.Build.0 = Release|Any CPU
		{48FC57D9-B3C1-45E2-ADA3-A54C9484F49A}.Debug|Any CPU.ActiveCfg = Debug|Any CPU
		{48FC57D9-B3C1-45E2-ADA3-A54C9484F49A}.Debug|Any CPU.Build.0 = Debug|Any CPU
		{48FC57D9-B3C1-45E2-ADA3-A54C9484F49A}.Release|Any CPU.ActiveCfg = Release|Any CPU
		{48FC57D9-B3C1-45E2-ADA3-A54C9484F49A}.Release|Any CPU.Build.0 = Release|Any CPU
		{0839619F-B9AA-4381-B41F-D1E5E178CC04}.Debug|Any CPU.ActiveCfg = Debug|Any CPU
		{0839619F-B9AA-4381-B41F-D1E5E178CC04}.Debug|Any CPU.Build.0 = Debug|Any CPU
		{0839619F-B9AA-4381-B41F-D1E5E178CC04}.Release|Any CPU.ActiveCfg = Release|Any CPU
		{0839619F-B9AA-4381-B41F-D1E5E178CC04}.Release|Any CPU.Build.0 = Release|Any CPU
	EndGlobalSection
	GlobalSection(SolutionProperties) = preSolution
		HideSolutionNode = FALSE
	EndGlobalSection
EndGlobal
